PODS:
  - AMapFoundationKit (1.0.0.220310152957)
  - AMapSearchKit (1.0.0.190918200148)
  - AntUI (1.0.0.210902155033)
  - AntUIShellForMpass (1.0.0.210121164954):
    - AntUI
  - AOMPDevice (1.0.0.210508111828):
    - APMobileFramework
    - APMobileNetwork
    - NebulaKernel
    - NebulaPoseidon
    - NebulaSDK
    - TinyAppCommon
  - AOMPFileManager (1.0.0.200228173902):
    - APConfig
    - APMobileFramework
    - APMobileNetwork
    - APMultimedia
    - MASSProxy
    - mPaas
    - MPDataCenter
    - Nebula
    - NebulaAppManager
    - NebulaKernel
    - NebulaPoseidon
    - NebulaSDK
    - NebulaTinyAppDebug
    - TinyAppCommon
  - APBLESDK (1.0.0.200228181541):
    - APConfig
    - APLog
    - APMobileFramework
    - APMobileNetwork
    - APRemoteLogging
    - mPaas
    - Nebula
    - NebulaSDK
  - APCommonUI (1.0.0.200729104902):
    - AntUI
  - APConfig (1.0.0.210507181138):
    - APLog
    - APLongLinkService
    - APMobileFramework
    - APMobileNetwork
    - APProtocolBuffers
    - APRemoteLogging
    - mPaas
    - MPDataCenter
  - APLog (3.0.2.201208163740)
  - APLongLinkService (1.0.0.210901173247):
    - APLog
    - APProtocolBuffers
    - mPaas
    - MPDataCenter
  - APMap (1.1.0.200508162904):
    - AntUI
    - APCommonUI
    - APLog
    - APMobileFramework
    - APMobileNetwork
    - APRemoteLogging
    - mPaas
    - Nebula
  - APMBeauty (1.0.0.200302181840):
    - APMUtils
  - APMCache (1.0.0.200302181840):
    - APMUtils
  - APMCDNImage (1.0.0.200302181840):
    - APMUtils
  - APMImageProcessing (1.0.0.200302181840):
    - APMUtils
    - Texel
  - APMobileFramework (1.0.0.210909164434):
    - APLog
    - APRemoteLogging
    - mPaas
  - APMobileLBS (1.0.1.210508112203):
    - AntUI
    - APLog
    - APMobileNetwork
    - APProtocolBuffers
    - APRemoteLogging
    - mPaas
    - MPDataCenter
    - Nebula
    - NebulaBiz
  - APMobileNetwork (1.0.0.220216225853):
    - APOpenSSL
    - mPaas
  - APMTaskManager (1.0.0.200302181840):
    - APMCache
    - APMUtils
  - APMultimedia (1.0.0.210301162340):
    - APConfig
    - APLog
    - APMBeauty
    - APMCache
    - APMCDNImage
    - APMImageProcessing
    - APMobileFramework
    - APMobileNetwork
    - APMTaskManager
    - APMUtils
    - APRemoteLogging
    - MASSProxy
    - mPaas
    - MPDataCenter
    - NebulaPoseidon
  - APMUtils (1.0.0.211118170225)
  - APOpenSSL (1.0.0.200228175209)
  - APProtocolBuffers (1.0.1.200228175209)
  - APRemoteLogging (1.0.0.220303154827.49):
    - APProtocolBuffers
    - mPaas
  - APWebP (1.0.0.200302192253)
  - AutoTracker (1.0.0.220407112308):
    - APRemoteLogging
    - mPaas
  - BeeCapture (1.0.0.200228120654):
    - APCommonUI
    - APLog
    - APMobileFramework
    - APMobileNetwork
    - APMultimedia
    - APRemoteLogging
    - Nebula
    - SPMTracker
  - BeeCityPicker (1.0.0.210225104536):
    - AntUI
    - APConfig
    - APMobileFramework
    - Nebula
    - NebulaSDK
  - BeeLocationPicker (1.0.0.200407101856):
    - AntUI
    - APCommonUI
    - APLog
    - APMap
    - APMobileFramework
    - APMobileLBS
    - APMobileNetwork
    - APRemoteLogging
    - Nebula
    - NebulaPoseidon
  - BeeMediaPlayer (1.0.0.200228134728):
    - AntUI
    - APMultimedia
    - APOpenSSL
    - mPaas
    - Nebula
  - BeePhoto (1.0.0.210902163636):
    - APCommonUI
    - APConfig
    - APLog
    - APMobileFramework
    - APMobileNetwork
    - Nebula
    - NebulaHeader
    - NebulaPoseidon
    - NebulaSDK
  - BeePhotoBrowser (1.0.0.200407101856):
    - AntUI
    - APCommonUI
    - APLog
    - APMobileFramework
    - APMobileNetwork
    - BeeMediaPlayer
    - Nebula
  - BeePhotoPicker (1.0.0.200407101856):
    - APCommonUI
    - APMobileFramework
    - APMobileNetwork
    - APRemoteLogging
    - BeePhotoBrowser
    - Nebula
  - boost (1.76.0)
  - DoubleConversion (1.1.6)
  - FBLazyVector (0.68.1)
  - FBReactNativeSpec (0.68.1):
    - RCT-Folly (= 2021.06.28.00-v2)
    - RCTRequired (= 0.68.1)
    - RCTTypeSafety (= 0.68.1)
    - React-Core (= 0.68.1)
    - React-jsi (= 0.68.1)
    - ReactCommon/turbomodule/core (= 0.68.1)
  - fmt (6.2.1)
  - glog (0.3.5)
  - Lottie (1.0.0.200228135004)
  - MAMapKit (2.4.0.220310152957)
  - Masonry (1.0.0.200406133247)
  - MASSChannel (1.0.0.200228175209):
    - APProtocolBuffers
  - MASSProxy (1.0.0.200228175209):
    - MASSChannel
  - MBProgressHUD (1.0.0.200406133247)
  - mPaas (1.0.0.220318145114):
    - APLog
  - MPDataCenter (1.0.0.210820150001):
    - mPaas
  - MPMasAdapter (1.0.0.220216151219):
    - APRemoteLogging
  - MPMgsAdapter (1.0.0.220117144103):
    - APMobileNetwork
    - APRemoteLogging
  - MPMpaaSService (1.0.0.210507181138):
    - APLog
    - APLongLinkService
    - APMobileNetwork
    - APProtocolBuffers
    - APRemoteLogging
    - mPaas
  - MPMssAdapter (1.0.0.200525171627):
    - APLongLinkService
    - APRemoteLogging
  - MPNebulaAdapter (1.0.0.210811154455):
    - AntUI
    - APConfig
    - APMobileFramework
    - APMobileNetwork
    - mPaas
    - NebulaAppManager
    - NebulaHeader
    - NebulaKernel
    - NebulaLogging
    - NebulamPaaSBiz
    - NebulaSDK
  - MPScanCodeAdapter (1.0.0.210225104536):
    - NebulaPoseidon
    - NebulaSDK
  - Nebula (1.0.0.210811140425):
    - APMobileFramework
    - APMobileNetwork
    - NebulaKernel
    - NebulaSDK
  - NebulaAppBiz (1.0.0.210507181345):
    - AntUI
    - APConfig
    - APLog
    - APLongLinkService
    - APMobileFramework
    - APMobileNetwork
    - MASSProxy
    - mPaas
    - MPDataCenter
    - Nebula
    - NebulaLogging
    - NebulaSDK
  - NebulaAppManager (1.3.0.211014180233):
    - APLog
  - NebulaBiz (1.0.0.211221194946):
    - AntUI
    - APCommonUI
    - APMobileFramework
    - APMultimedia
    - APRemoteLogging
    - mPaas
    - MPDataCenter
    - Nebula
    - NebulaAppBiz
    - NebulaConfig
    - NebulaKernel
    - NebulaLogging
    - NebulaNetwork
    - NebulaSecurity
    - NebulaTinyapp
    - TinyAppCommon
  - NebulaConfig (1.0.0.210811140425):
    - APConfig
    - APMobileFramework
    - mPaas
    - Nebula
  - NebulaHeader (1.0.0.200407094748):
    - APLog
    - NebulaPoseidon
    - NebulaSDK
  - NebulaKernel (1.0.0.200228142526):
    - NebulaPoseidon
  - NebulaLogging (1.0.0.200825182326):
    - APRemoteLogging
    - AutoTracker
    - NebulaSDK
  - NebulamPaaSBiz (1.0.0.211221194946):
    - MPMpaaSService
    - NebulaSDK
  - NebulaNetwork (1.0.0.220314152209):
    - AntUI
    - APMobileFramework
    - APMobileNetwork
    - MASSProxy
    - mPaas
    - MPDataCenter
    - Nebula
    - NebulaLogging
    - NebulaPoseidon
    - NebulaSDK
    - SocketRocket
  - NebulaPoseidon (1.3.0.210913162058):
    - APLog
  - NebulaSDK (1.0.0.220104125010):
    - APLog
    - NebulaAppManager
    - NebulaPoseidon
  - NebulaSDKPlugins (1.0.0.210902161944):
    - APCommonUI
    - APMobileFramework
    - APMobileNetwork
    - APMultimedia
    - mPaas
    - MPDataCenter
    - MPNebulaAdapter
    - NebulaBiz
    - NebulaHeader
    - NebulaNetwork
    - NebulaPoseidon
    - NebulaSDK
    - NebulaSecurity
    - NebulaTinyAppDebug
    - TinyAppCommon
  - NebulaSecurity (1.0.0.210811140647):
    - APMobileFramework
    - APMobileNetwork
    - mPaas
    - MPDataCenter
    - Nebula
    - NebulaSDK
    - TinyAppCommon
  - NebulaTinyapp (1.0.0.210701113340):
    - Nebula
    - NebulaLogging
    - NebulaSDK
  - NebulaTinyAppDebug (1.0.0.200716162421):
    - AntUI
    - APMobileFramework
    - APMobileNetwork
    - Nebula
    - NebulaNetwork
    - NebulaSDK
    - TinyAppCommon
  - RCT-Folly (2021.06.28.00-v2):
    - boost
    - DoubleConversion
    - fmt (~> 6.2.1)
    - glog
    - RCT-Folly/Default (= 2021.06.28.00-v2)
  - RCT-Folly/Default (2021.06.28.00-v2):
    - boost
    - DoubleConversion
    - fmt (~> 6.2.1)
    - glog
  - RCTRequired (0.68.1)
  - RCTTypeSafety (0.68.1):
    - FBLazyVector (= 0.68.1)
    - RCT-Folly (= 2021.06.28.00-v2)
    - RCTRequired (= 0.68.1)
    - React-Core (= 0.68.1)
  - React (0.68.1):
    - React-Core (= 0.68.1)
    - React-Core/DevSupport (= 0.68.1)
    - React-Core/RCTWebSocket (= 0.68.1)
    - React-RCTActionSheet (= 0.68.1)
    - React-RCTAnimation (= 0.68.1)
    - React-RCTBlob (= 0.68.1)
    - React-RCTImage (= 0.68.1)
    - React-RCTLinking (= 0.68.1)
    - React-RCTNetwork (= 0.68.1)
    - React-RCTSettings (= 0.68.1)
    - React-RCTText (= 0.68.1)
    - React-RCTVibration (= 0.68.1)
  - React-callinvoker (0.68.1)
  - React-Codegen (0.68.1):
    - FBReactNativeSpec (= 0.68.1)
    - RCT-Folly (= 2021.06.28.00-v2)
    - RCTRequired (= 0.68.1)
    - RCTTypeSafety (= 0.68.1)
    - React-Core (= 0.68.1)
    - React-jsi (= 0.68.1)
    - React-jsiexecutor (= 0.68.1)
    - ReactCommon/turbomodule/core (= 0.68.1)
  - React-Core (0.68.1):
    - glog
    - RCT-Folly (= 2021.06.28.00-v2)
    - React-Core/Default (= 0.68.1)
    - React-cxxreact (= 0.68.1)
    - React-jsi (= 0.68.1)
    - React-jsiexecutor (= 0.68.1)
    - React-perflogger (= 0.68.1)
    - Yoga
  - React-Core/CoreModulesHeaders (0.68.1):
    - glog
    - RCT-Folly (= 2021.06.28.00-v2)
    - React-Core/Default
    - React-cxxreact (= 0.68.1)
    - React-jsi (= 0.68.1)
    - React-jsiexecutor (= 0.68.1)
    - React-perflogger (= 0.68.1)
    - Yoga
  - React-Core/Default (0.68.1):
    - glog
    - RCT-Folly (= 2021.06.28.00-v2)
    - React-cxxreact (= 0.68.1)
    - React-jsi (= 0.68.1)
    - React-jsiexecutor (= 0.68.1)
    - React-perflogger (= 0.68.1)
    - Yoga
  - React-Core/DevSupport (0.68.1):
    - glog
    - RCT-Folly (= 2021.06.28.00-v2)
    - React-Core/Default (= 0.68.1)
    - React-Core/RCTWebSocket (= 0.68.1)
    - React-cxxreact (= 0.68.1)
    - React-jsi (= 0.68.1)
    - React-jsiexecutor (= 0.68.1)
    - React-jsinspector (= 0.68.1)
    - React-perflogger (= 0.68.1)
    - Yoga
  - React-Core/RCTActionSheetHeaders (0.68.1):
    - glog
    - RCT-Folly (= 2021.06.28.00-v2)
    - React-Core/Default
    - React-cxxreact (= 0.68.1)
    - React-jsi (= 0.68.1)
    - React-jsiexecutor (= 0.68.1)
    - React-perflogger (= 0.68.1)
    - Yoga
  - React-Core/RCTAnimationHeaders (0.68.1):
    - glog
    - RCT-Folly (= 2021.06.28.00-v2)
    - React-Core/Default
    - React-cxxreact (= 0.68.1)
    - React-jsi (= 0.68.1)
    - React-jsiexecutor (= 0.68.1)
    - React-perflogger (= 0.68.1)
    - Yoga
  - React-Core/RCTBlobHeaders (0.68.1):
    - glog
    - RCT-Folly (= 2021.06.28.00-v2)
    - React-Core/Default
    - React-cxxreact (= 0.68.1)
    - React-jsi (= 0.68.1)
    - React-jsiexecutor (= 0.68.1)
    - React-perflogger (= 0.68.1)
    - Yoga
  - React-Core/RCTImageHeaders (0.68.1):
    - glog
    - RCT-Folly (= 2021.06.28.00-v2)
    - React-Core/Default
    - React-cxxreact (= 0.68.1)
    - React-jsi (= 0.68.1)
    - React-jsiexecutor (= 0.68.1)
    - React-perflogger (= 0.68.1)
    - Yoga
  - React-Core/RCTLinkingHeaders (0.68.1):
    - glog
    - RCT-Folly (= 2021.06.28.00-v2)
    - React-Core/Default
    - React-cxxreact (= 0.68.1)
    - React-jsi (= 0.68.1)
    - React-jsiexecutor (= 0.68.1)
    - React-perflogger (= 0.68.1)
    - Yoga
  - React-Core/RCTNetworkHeaders (0.68.1):
    - glog
    - RCT-Folly (= 2021.06.28.00-v2)
    - React-Core/Default
    - React-cxxreact (= 0.68.1)
    - React-jsi (= 0.68.1)
    - React-jsiexecutor (= 0.68.1)
    - React-perflogger (= 0.68.1)
    - Yoga
  - React-Core/RCTSettingsHeaders (0.68.1):
    - glog
    - RCT-Folly (= 2021.06.28.00-v2)
    - React-Core/Default
    - React-cxxreact (= 0.68.1)
    - React-jsi (= 0.68.1)
    - React-jsiexecutor (= 0.68.1)
    - React-perflogger (= 0.68.1)
    - Yoga
  - React-Core/RCTTextHeaders (0.68.1):
    - glog
    - RCT-Folly (= 2021.06.28.00-v2)
    - React-Core/Default
    - React-cxxreact (= 0.68.1)
    - React-jsi (= 0.68.1)
    - React-jsiexecutor (= 0.68.1)
    - React-perflogger (= 0.68.1)
    - Yoga
  - React-Core/RCTVibrationHeaders (0.68.1):
    - glog
    - RCT-Folly (= 2021.06.28.00-v2)
    - React-Core/Default
    - React-cxxreact (= 0.68.1)
    - React-jsi (= 0.68.1)
    - React-jsiexecutor (= 0.68.1)
    - React-perflogger (= 0.68.1)
    - Yoga
  - React-Core/RCTWebSocket (0.68.1):
    - glog
    - RCT-Folly (= 2021.06.28.00-v2)
    - React-Core/Default (= 0.68.1)
    - React-cxxreact (= 0.68.1)
    - React-jsi (= 0.68.1)
    - React-jsiexecutor (= 0.68.1)
    - React-perflogger (= 0.68.1)
    - Yoga
  - React-CoreModules (0.68.1):
    - RCT-Folly (= 2021.06.28.00-v2)
    - RCTTypeSafety (= 0.68.1)
    - React-Codegen (= 0.68.1)
    - React-Core/CoreModulesHeaders (= 0.68.1)
    - React-jsi (= 0.68.1)
    - React-RCTImage (= 0.68.1)
    - ReactCommon/turbomodule/core (= 0.68.1)
  - React-cxxreact (0.68.1):
    - boost (= 1.76.0)
    - DoubleConversion
    - glog
    - RCT-Folly (= 2021.06.28.00-v2)
    - React-callinvoker (= 0.68.1)
    - React-jsi (= 0.68.1)
    - React-jsinspector (= 0.68.1)
    - React-logger (= 0.68.1)
    - React-perflogger (= 0.68.1)
    - React-runtimeexecutor (= 0.68.1)
  - React-jsi (0.68.1):
    - boost (= 1.76.0)
    - DoubleConversion
    - glog
    - RCT-Folly (= 2021.06.28.00-v2)
    - React-jsi/Default (= 0.68.1)
  - React-jsi/Default (0.68.1):
    - boost (= 1.76.0)
    - DoubleConversion
    - glog
    - RCT-Folly (= 2021.06.28.00-v2)
  - React-jsiexecutor (0.68.1):
    - DoubleConversion
    - glog
    - RCT-Folly (= 2021.06.28.00-v2)
    - React-cxxreact (= 0.68.1)
    - React-jsi (= 0.68.1)
    - React-perflogger (= 0.68.1)
  - React-jsinspector (0.68.1)
  - React-logger (0.68.1):
    - glog
  - React-perflogger (0.68.1)
  - React-RCTActionSheet (0.68.1):
    - React-Core/RCTActionSheetHeaders (= 0.68.1)
  - React-RCTAnimation (0.68.1):
    - RCT-Folly (= 2021.06.28.00-v2)
    - RCTTypeSafety (= 0.68.1)
    - React-Codegen (= 0.68.1)
    - React-Core/RCTAnimationHeaders (= 0.68.1)
    - React-jsi (= 0.68.1)
    - ReactCommon/turbomodule/core (= 0.68.1)
  - React-RCTBlob (0.68.1):
    - RCT-Folly (= 2021.06.28.00-v2)
    - React-Codegen (= 0.68.1)
    - React-Core/RCTBlobHeaders (= 0.68.1)
    - React-Core/RCTWebSocket (= 0.68.1)
    - React-jsi (= 0.68.1)
    - React-RCTNetwork (= 0.68.1)
    - ReactCommon/turbomodule/core (= 0.68.1)
  - React-RCTImage (0.68.1):
    - RCT-Folly (= 2021.06.28.00-v2)
    - RCTTypeSafety (= 0.68.1)
    - React-Codegen (= 0.68.1)
    - React-Core/RCTImageHeaders (= 0.68.1)
    - React-jsi (= 0.68.1)
    - React-RCTNetwork (= 0.68.1)
    - ReactCommon/turbomodule/core (= 0.68.1)
  - React-RCTLinking (0.68.1):
    - React-Codegen (= 0.68.1)
    - React-Core/RCTLinkingHeaders (= 0.68.1)
    - React-jsi (= 0.68.1)
    - ReactCommon/turbomodule/core (= 0.68.1)
  - React-RCTNetwork (0.68.1):
    - RCT-Folly (= 2021.06.28.00-v2)
    - RCTTypeSafety (= 0.68.1)
    - React-Codegen (= 0.68.1)
    - React-Core/RCTNetworkHeaders (= 0.68.1)
    - React-jsi (= 0.68.1)
    - ReactCommon/turbomodule/core (= 0.68.1)
  - React-RCTSettings (0.68.1):
    - RCT-Folly (= 2021.06.28.00-v2)
    - RCTTypeSafety (= 0.68.1)
    - React-Codegen (= 0.68.1)
    - React-Core/RCTSettingsHeaders (= 0.68.1)
    - React-jsi (= 0.68.1)
    - ReactCommon/turbomodule/core (= 0.68.1)
  - React-RCTText (0.68.1):
    - React-Core/RCTTextHeaders (= 0.68.1)
  - React-RCTVibration (0.68.1):
    - RCT-Folly (= 2021.06.28.00-v2)
    - React-Codegen (= 0.68.1)
    - React-Core/RCTVibrationHeaders (= 0.68.1)
    - React-jsi (= 0.68.1)
    - ReactCommon/turbomodule/core (= 0.68.1)
  - React-runtimeexecutor (0.68.1):
    - React-jsi (= 0.68.1)
  - ReactCommon/turbomodule/core (0.68.1):
    - DoubleConversion
    - glog
    - RCT-Folly (= 2021.06.28.00-v2)
    - React-callinvoker (= 0.68.1)
    - React-Core (= 0.68.1)
    - React-cxxreact (= 0.68.1)
    - React-jsi (= 0.68.1)
    - React-logger (= 0.68.1)
    - React-perflogger (= 0.68.1)
  - SDWebImage (1.0.0.220406175121)
  - SecurityGuardSDK (2.2.3.190326110928)
  - SocketRocket (1.0.0.200811152708)
  - SPMTracker (1.0.0.200302192253):
    - APRemoteLogging
  - TBScanSDK (1.0.0.210721192813):
    - APRemoteLogging
  - Texel (1.0.0.201103185351):
    - APMUtils
  - TinyAppCommon (1.0.0.210420145605):
    - AntUI
    - APMobileFramework
    - APMobileNetwork
    - APMultimedia
    - mPaas
    - Nebula
    - NebulaConfig
    - NebulaTinyapp
  - TinyappService (1.0.0.210625174358):
    - APConfig
    - APLongLinkService
    - APMobileFramework
    - APMobileNetwork
    - APProtocolBuffers
    - APRemoteLogging
    - mPaas
    - Nebula
    - NebulaAppBiz
    - NebulaBiz
    - NebulaSDKPlugins
    - NebulaSecurity
    - NebulaTinyapp
    - NebulaTinyAppDebug
    - TinyAppCommon
  - TTTAttributedLabel (1.0.0.200729094531)
  - UTDID (1.0.2.190226130141)
  - Yoga (1.14.0)

DEPENDENCIES:
  - AMapFoundationKit (= 1.0.0.220310152957)
  - AMapSearchKit (= 1.0.0.190918200148)
  - AntUI (= 1.0.0.210902155033)
  - AntUIShellForMpass (= 1.0.0.210121164954)
  - AOMPDevice (= 1.0.0.210508111828)
  - AOMPFileManager (= 1.0.0.200228173902)
  - APBLESDK (= 1.0.0.200228181541)
  - APCommonUI (= 1.0.0.200729104902)
  - APConfig (= 1.0.0.210507181138)
  - APLog (= 3.0.2.201208163740)
  - APLongLinkService (= 1.0.0.210901173247)
  - APMap (= 1.1.0.200508162904)
  - APMBeauty (= 1.0.0.200302181840)
  - APMCache (= 1.0.0.200302181840)
  - APMCDNImage (= 1.0.0.200302181840)
  - APMImageProcessing (= 1.0.0.200302181840)
  - APMobileFramework (= 1.0.0.210909164434)
  - APMobileLBS (= 1.0.1.210508112203)
  - APMobileNetwork (= 1.0.0.220216225853)
  - APMTaskManager (= 1.0.0.200302181840)
  - APMultimedia (= 1.0.0.210301162340)
  - APMUtils (= 1.0.0.211118170225)
  - APOpenSSL (= 1.0.0.200228175209)
  - APProtocolBuffers (= 1.0.1.200228175209)
  - APRemoteLogging (= 1.0.0.220303154827.49)
  - APWebP (= 1.0.0.200302192253)
  - AutoTracker (= 1.0.0.220407112308)
  - BeeCapture (= 1.0.0.200228120654)
  - BeeCityPicker (= 1.0.0.210225104536)
  - BeeLocationPicker (= 1.0.0.200407101856)
  - BeeMediaPlayer (= 1.0.0.200228134728)
  - BeePhoto (= 1.0.0.210902163636)
  - BeePhotoBrowser (= 1.0.0.200407101856)
  - BeePhotoPicker (= 1.0.0.200407101856)
  - boost (from `../node_modules/react-native/third-party-podspecs/boost.podspec`)
  - DoubleConversion (from `../node_modules/react-native/third-party-podspecs/DoubleConversion.podspec`)
  - FBLazyVector (from `../node_modules/react-native/Libraries/FBLazyVector`)
  - FBReactNativeSpec (from `../node_modules/react-native/React/FBReactNativeSpec`)
  - glog (from `../node_modules/react-native/third-party-podspecs/glog.podspec`)
  - Lottie (= 1.0.0.200228135004)
  - MAMapKit (= 2.4.0.220310152957)
  - Masonry (= 1.0.0.200406133247)
  - MASSChannel (= 1.0.0.200228175209)
  - MASSProxy (= 1.0.0.200228175209)
  - MBProgressHUD (= 1.0.0.200406133247)
  - mPaas (= 1.0.0.220318145114)
  - MPDataCenter (= 1.0.0.210820150001)
  - MPMasAdapter (= 1.0.0.220216151219)
  - MPMgsAdapter (= 1.0.0.220117144103)
  - MPMpaaSService (= 1.0.0.210507181138)
  - MPMssAdapter (= 1.0.0.200525171627)
  - MPNebulaAdapter (= 1.0.0.210811154455)
  - MPScanCodeAdapter (= 1.0.0.210225104536)
  - Nebula (= 1.0.0.210811140425)
  - NebulaAppBiz (= 1.0.0.210507181345)
  - NebulaAppManager (= 1.3.0.211014180233)
  - NebulaBiz (= 1.0.0.211221194946)
  - NebulaConfig (= 1.0.0.210811140425)
  - NebulaHeader (= 1.0.0.200407094748)
  - NebulaKernel (= 1.0.0.200228142526)
  - NebulaLogging (= 1.0.0.200825182326)
  - NebulamPaaSBiz (= 1.0.0.211221194946)
  - NebulaNetwork (= 1.0.0.220314152209)
  - NebulaPoseidon (= 1.3.0.210913162058)
  - NebulaSDK (= 1.0.0.220104125010)
  - NebulaSDKPlugins (= 1.0.0.210902161944)
  - NebulaSecurity (= 1.0.0.210811140647)
  - NebulaTinyapp (= 1.0.0.210701113340)
  - NebulaTinyAppDebug (= 1.0.0.200716162421)
  - RCT-Folly (from `../node_modules/react-native/third-party-podspecs/RCT-Folly.podspec`)
  - RCTRequired (from `../node_modules/react-native/Libraries/RCTRequired`)
  - RCTTypeSafety (from `../node_modules/react-native/Libraries/TypeSafety`)
  - React (from `../node_modules/react-native/`)
  - React-callinvoker (from `../node_modules/react-native/ReactCommon/callinvoker`)
  - React-Codegen (from `build/generated/ios`)
  - React-Core (from `../node_modules/react-native/`)
  - React-Core/DevSupport (from `../node_modules/react-native/`)
  - React-Core/RCTWebSocket (from `../node_modules/react-native/`)
  - React-CoreModules (from `../node_modules/react-native/React/CoreModules`)
  - React-cxxreact (from `../node_modules/react-native/ReactCommon/cxxreact`)
  - React-jsi (from `../node_modules/react-native/ReactCommon/jsi`)
  - React-jsiexecutor (from `../node_modules/react-native/ReactCommon/jsiexecutor`)
  - React-jsinspector (from `../node_modules/react-native/ReactCommon/jsinspector`)
  - React-logger (from `../node_modules/react-native/ReactCommon/logger`)
  - React-perflogger (from `../node_modules/react-native/ReactCommon/reactperflogger`)
  - React-RCTActionSheet (from `../node_modules/react-native/Libraries/ActionSheetIOS`)
  - React-RCTAnimation (from `../node_modules/react-native/Libraries/NativeAnimation`)
  - React-RCTBlob (from `../node_modules/react-native/Libraries/Blob`)
  - React-RCTImage (from `../node_modules/react-native/Libraries/Image`)
  - React-RCTLinking (from `../node_modules/react-native/Libraries/LinkingIOS`)
  - React-RCTNetwork (from `../node_modules/react-native/Libraries/Network`)
  - React-RCTSettings (from `../node_modules/react-native/Libraries/Settings`)
  - React-RCTText (from `../node_modules/react-native/Libraries/Text`)
  - React-RCTVibration (from `../node_modules/react-native/Libraries/Vibration`)
  - React-runtimeexecutor (from `../node_modules/react-native/ReactCommon/runtimeexecutor`)
  - ReactCommon/turbomodule/core (from `../node_modules/react-native/ReactCommon`)
  - SDWebImage (= 1.0.0.220406175121)
  - SecurityGuardSDK (= 2.2.3.190326110928)
  - SocketRocket (= 1.0.0.200811152708)
  - SPMTracker (= 1.0.0.200302192253)
  - TBScanSDK (= 1.0.0.210721192813)
  - Texel (= 1.0.0.201103185351)
  - TinyAppCommon (= 1.0.0.210420145605)
  - TinyappService (= 1.0.0.210625174358)
  - TTTAttributedLabel (= 1.0.0.200729094531)
  - UTDID (= 1.0.2.190226130141)
  - Yoga (from `../node_modules/react-native/ReactCommon/yoga`)

SPEC REPOS:
  https://code.aliyun.com/mpaas-public/podspecs.git:
    - AMapFoundationKit
    - AMapSearchKit
    - AntUI
    - AntUIShellForMpass
    - AOMPDevice
    - AOMPFileManager
    - APBLESDK
    - APCommonUI
    - APConfig
    - APLog
    - APLongLinkService
    - APMap
    - APMBeauty
    - APMCache
    - APMCDNImage
    - APMImageProcessing
    - APMobileFramework
    - APMobileLBS
    - APMobileNetwork
    - APMTaskManager
    - APMultimedia
    - APMUtils
    - APOpenSSL
    - APProtocolBuffers
    - APRemoteLogging
    - APWebP
    - AutoTracker
    - BeeCapture
    - BeeCityPicker
    - BeeLocationPicker
    - BeeMediaPlayer
    - BeePhoto
    - BeePhotoBrowser
    - BeePhotoPicker
    - Lottie
    - MAMapKit
    - Masonry
    - MASSChannel
    - MASSProxy
    - MBProgressHUD
    - mPaas
    - MPDataCenter
    - MPMasAdapter
    - MPMgsAdapter
    - MPMpaaSService
    - MPMssAdapter
    - MPNebulaAdapter
    - MPScanCodeAdapter
    - Nebula
    - NebulaAppBiz
    - NebulaAppManager
    - NebulaBiz
    - NebulaConfig
    - NebulaHeader
    - NebulaKernel
    - NebulaLogging
    - NebulamPaaSBiz
    - NebulaNetwork
    - NebulaPoseidon
    - NebulaSDK
    - NebulaSDKPlugins
    - NebulaSecurity
    - NebulaTinyapp
    - NebulaTinyAppDebug
    - SDWebImage
    - SecurityGuardSDK
    - SocketRocket
    - SPMTracker
    - TBScanSDK
    - Texel
    - TinyAppCommon
    - TinyappService
    - TTTAttributedLabel
    - UTDID
  trunk:
    - fmt

EXTERNAL SOURCES:
  boost:
    :podspec: "../node_modules/react-native/third-party-podspecs/boost.podspec"
  DoubleConversion:
    :podspec: "../node_modules/react-native/third-party-podspecs/DoubleConversion.podspec"
  FBLazyVector:
    :path: "../node_modules/react-native/Libraries/FBLazyVector"
  FBReactNativeSpec:
    :path: "../node_modules/react-native/React/FBReactNativeSpec"
  glog:
    :podspec: "../node_modules/react-native/third-party-podspecs/glog.podspec"
  RCT-Folly:
    :podspec: "../node_modules/react-native/third-party-podspecs/RCT-Folly.podspec"
  RCTRequired:
    :path: "../node_modules/react-native/Libraries/RCTRequired"
  RCTTypeSafety:
    :path: "../node_modules/react-native/Libraries/TypeSafety"
  React:
    :path: "../node_modules/react-native/"
  React-callinvoker:
    :path: "../node_modules/react-native/ReactCommon/callinvoker"
  React-Codegen:
    :path: build/generated/ios
  React-Core:
    :path: "../node_modules/react-native/"
  React-CoreModules:
    :path: "../node_modules/react-native/React/CoreModules"
  React-cxxreact:
    :path: "../node_modules/react-native/ReactCommon/cxxreact"
  React-jsi:
    :path: "../node_modules/react-native/ReactCommon/jsi"
  React-jsiexecutor:
    :path: "../node_modules/react-native/ReactCommon/jsiexecutor"
  React-jsinspector:
    :path: "../node_modules/react-native/ReactCommon/jsinspector"
  React-logger:
    :path: "../node_modules/react-native/ReactCommon/logger"
  React-perflogger:
    :path: "../node_modules/react-native/ReactCommon/reactperflogger"
  React-RCTActionSheet:
    :path: "../node_modules/react-native/Libraries/ActionSheetIOS"
  React-RCTAnimation:
    :path: "../node_modules/react-native/Libraries/NativeAnimation"
  React-RCTBlob:
    :path: "../node_modules/react-native/Libraries/Blob"
  React-RCTImage:
    :path: "../node_modules/react-native/Libraries/Image"
  React-RCTLinking:
    :path: "../node_modules/react-native/Libraries/LinkingIOS"
  React-RCTNetwork:
    :path: "../node_modules/react-native/Libraries/Network"
  React-RCTSettings:
    :path: "../node_modules/react-native/Libraries/Settings"
  React-RCTText:
    :path: "../node_modules/react-native/Libraries/Text"
  React-RCTVibration:
    :path: "../node_modules/react-native/Libraries/Vibration"
  React-runtimeexecutor:
    :path: "../node_modules/react-native/ReactCommon/runtimeexecutor"
  ReactCommon:
    :path: "../node_modules/react-native/ReactCommon"
  Yoga:
    :path: "../node_modules/react-native/ReactCommon/yoga"

SPEC CHECKSUMS:
  AMapFoundationKit: 7d15b904194633c7ab6f57aa7034a0c829925553
  AMapSearchKit: 639011b60fc01b4a13922c75ddc93a4587cd0d9a
  AntUI: 7e642a8354e6d98e86c1a5d36eaa9f0e52c13cf6
  AntUIShellForMpass: c822e8a7e54efd77efb45f4ded2e8d708fadad9b
  AOMPDevice: 532e0efa36bcf15726ac06ed84d4e61bf2dede78
  AOMPFileManager: cc08d7b1b68b322cc3178d3651f61134c2c20820
  APBLESDK: ed6e988344cc1eafbf45032acb10cabf74282782
  APCommonUI: 4967ef7024dd592ac763b05d1691d7c714b3cadf
  APConfig: db8596c1f59068379ee51b2dbd384849eed5e090
  APLog: cf88e6fadb42ad7e9651a401a047582837bef879
  APLongLinkService: 514b5bd42be0afa96f75fae8f1a7fef780317219
  APMap: 401dc36066b8e115af55ba42a194bbc35a67c617
  APMBeauty: 6486098251f39958760168d85c8c40094b2c5f62
  APMCache: 3515a74a8ca1a55e67ba6caa3462cceebff78b44
  APMCDNImage: cb9da5860c2e4d06e1bf1e427e0ce485f1cd89a0
  APMImageProcessing: 2518f86c3b6d91f29915c57f02868f5726e4b79f
  APMobileFramework: 5f58b98fade79f5e0e11c417a90e63325248324f
  APMobileLBS: 565aab0064f995efa86a8258552184e5e227fba5
  APMobileNetwork: 0ec8c8d7549511ed8a622c386ca06ff2e67e1be1
  APMTaskManager: bae8aba00a852cfda82ef94cc17935644986e486
  APMultimedia: d668c406f3d785bb62c316f31b9bb928be29207c
  APMUtils: 956c4be38d75dc80490a17156a2a77ed8a85669c
  APOpenSSL: 7d57eb90bf69fc8ec68b02e20083e0567e3d9ae6
  APProtocolBuffers: 0d1f69755d848b3be45e8af56a27017aa27853a2
  APRemoteLogging: 1d81c150d853d6ccf5f8f187237be287360c13dc
  APWebP: dc7b23ab784d87d2d222679f71317b7b097196b4
  AutoTracker: 293c9c628022deb0a0e443abe9f52916b7fe7965
  BeeCapture: 61c0eb3545def207e9390feeb60e6e3a351a02f8
  BeeCityPicker: f20534f990bec608abce20cf58d09a0161410845
  BeeLocationPicker: aed6572ba332bf953c55586d12e30ada7fee1037
  BeeMediaPlayer: c2c66cb3f9de71fa207725a5062eeddd15f34643
  BeePhoto: b043c14f73244905e8491dcf3f9033e680cc8d42
  BeePhotoBrowser: 0ecaac2c281e17cdef4b593c05e4c02218511c29
  BeePhotoPicker: 028f92202f4e0ca64a12af5c9fbe222d4c8d0769
  boost: a7c83b31436843459a1961bfd74b96033dc77234
  DoubleConversion: 831926d9b8bf8166fd87886c4abab286c2422662
  FBLazyVector: 2c76493a346ef8cacf1f442926a39f805fffec1f
  FBReactNativeSpec: 371350f24afa87b6aba606972ec959dcd4a95c9a
  fmt: ff9d55029c625d3757ed641535fd4a75fedc7ce9
  glog: 476ee3e89abb49e07f822b48323c51c57124b572
  Lottie: e48e812991f6b04612ee36bcb5687b4204f0a1be
  MAMapKit: c6f994aff739cba6e003691d0e3a228b22e97d76
  Masonry: a7bc2457b0b351ffbe457916ebab6d57865f09a2
  MASSChannel: 9bdeaf811b62b0a70fbd8dc0e4a4f84b14dce07d
  MASSProxy: 49bc3fcf7dd2b9648ed686bb98a16a21f428167c
  MBProgressHUD: be10834824ab1368602b4dc8ca88af8ff7f1d75c
  mPaas: a184bb9663ade49aa67f33573ba0da8307dc0490
  MPDataCenter: 27962150f01f52f0704a5eb5a5239039204ae2ca
  MPMasAdapter: a7f8eddaaf812ca0a06b4ace6c3a5bf57fe9f915
  MPMgsAdapter: 5abb118fd94818ef4670817afca81c38c6289cea
  MPMpaaSService: c65d30f54723808c618e40d792184002558e60d0
  MPMssAdapter: cebe6766ecdf0496e3673963d458d221a684fb12
  MPNebulaAdapter: 04f882096bb941e090de011e99d792080a7ca171
  MPScanCodeAdapter: fc3369908685c949e0943810ac64a990a84d8633
  Nebula: a6b33044c45e13cac61b1da586604dfe858ad702
  NebulaAppBiz: fc0830bd4695c23f4351eed5e3a5b62255c8a6d0
  NebulaAppManager: 75baa306328e7e4858bda332cfc76e3d45c795f1
  NebulaBiz: 878cf39d57374dc11ec3234856120d08d7c3c292
  NebulaConfig: 0e0160b282c2d0699e37a8d1ccb27ace153a6c1e
  NebulaHeader: 52e2493098c686ea8ea2b92adae7ca7c842c183a
  NebulaKernel: fde0d7ca3817c4c33d4510c993abb0db75aee384
  NebulaLogging: 71ea8ca0764cf35f6dd640aee75a1a6d75557a2c
  NebulamPaaSBiz: 97df569f423c4a1622ea4b48772984b48559dbcc
  NebulaNetwork: 44ff862156da2ef03ce49e845ee96fbeaf279779
  NebulaPoseidon: 7bfcb299f113d4d13b29cbad66227fb0dd1cd7d9
  NebulaSDK: ba8c3efad7c6d630dd5928d5ed42c2999636221f
  NebulaSDKPlugins: af1315083601ad7b3c1e3b4f65bdd97b478b7b46
  NebulaSecurity: 258946fdaa54bd4d5aa9a3f297c107e4ae68c963
  NebulaTinyapp: cc1a5049dcc06a530272b2da0551b02109ec68ff
  NebulaTinyAppDebug: 07575d22f6a5c691b36006e3eb04367c16862232
  RCT-Folly: 4d8508a426467c48885f1151029bc15fa5d7b3b8
  RCTRequired: 00581111c53531e39e3c6346ef0d2c0cf52a5a37
  RCTTypeSafety: 07e03ee7800e7dd65cba8e52ad0c2edb06c96604
  React: e61f4bf3c573d0c61c56b53dc3eb1d9daf0768a0
  React-callinvoker: 047d47230bb6fd66827f8cb0bea4e944ffd1309b
  React-Codegen: bb0403cde7374af091530e84e492589485aab480
  React-Core: a4a3a8e10d004b08e013c3d0438259dd89a3894c
  React-CoreModules: bb9f8bc36f1ae6d780b856927fa9d4aa01ccccc0
  React-cxxreact: 7dd472aefb8629d6080cbb859240bafccd902704
  React-jsi: b25808afe821b607d51c779bdd1717be8393b7ec
  React-jsiexecutor: 4a4bae5671b064a2248a690cf75957669489d08c
  React-jsinspector: 218a2503198ff28a085f8e16622a8d8f507c8019
  React-logger: f79dd3cc0f9b44f5611c6c7862badd891a862cf8
  React-perflogger: 30ab8d6db10e175626069e742eead3ebe8f24fd5
  React-RCTActionSheet: 4b45da334a175b24dabe75f856b98fed3dfd6201
  React-RCTAnimation: d6237386cb04500889877845b3e9e9291146bc2e
  React-RCTBlob: bc9e2cd738c43bd2948e862e371402ef9584730a
  React-RCTImage: 9f8cac465c6e5837007f59ade2a0a741016dd6a3
  React-RCTLinking: 5073abb7d30cc0824b2172bd4582fc15bfc40510
  React-RCTNetwork: 28ff94aa7d8fc117fc800b87dd80869a00d2bef3
  React-RCTSettings: f27aa036f7270fe6ca43f8cdd1819e821fa429a0
  React-RCTText: 7cb6f86fa7bc86f22f16333ad243b158e63b2a68
  React-RCTVibration: 9e344c840176b0af9c84d5019eb4fed8b3c105a1
  React-runtimeexecutor: 7285b499d0339104b2813a1f58ad1ada4adbd6c0
  ReactCommon: bf2888a826ceedf54b99ad1b6182d1bc4a8a3984
  SDWebImage: a36ad0092c654d09f7e06db62a5f2625828810d4
  SecurityGuardSDK: 8e41a1e06e55e4a8092f4dd792329a71c25bee00
  SocketRocket: 54c387abefa3f3a089bf42c5d50a8f7fd626b47a
  SPMTracker: 3c14926b7542f005812ca22006c5c73137fdbb7d
  TBScanSDK: ccab8f2401ee8d84ce79f8370cd3b3f86c9785de
  Texel: b1d72c045aabd9a4414d2d70158a805e48ad62df
  TinyAppCommon: 577ef05f4114a3d7050a75a65ad32c01bfb84524
  TinyappService: ce981f169f5805d1591f733098795fc141f7ff69
  TTTAttributedLabel: c19d50e1e51b7e0489b41f053c283d63d5b8654b
  UTDID: 2c9434763223c4c7eed0ba36d8af4fe3a664eda7
  Yoga: 17cd9a50243093b547c1e539c749928dd68152da

PODFILE CHECKSUM: 0ab6cb3cb3d2ffc3c5d6862d5a4c4954f702d129

COCOAPODS: 1.11.3
